
Microsoft Visual Studio Solution File, Format Version 12.00
# Visual Studio Version 17
VisualStudioVersion = 17.8.34511.84
MinimumVisualStudioVersion = 10.0.40219.1
Project("{FAE04EC0-301F-11D3-BF4B-00C04F79EFBC}") = "MovieInfoApp.Server", "MovieInfoApp.Server\MovieInfoApp.Server.csproj", "{14FB69CD-BD94-4A78-BAF7-345DFA23D59C}"
EndProject
Project("{54A90642-561A-4BB1-A94E-469ADEE60C69}") = "movieinfoapp.client", "movieinfoapp.client\movieinfoapp.client.esproj", "{BB6507F7-440F-4976-A64C-7C70070824E3}"
EndProject
Global
	GlobalSection(SolutionConfigurationPlatforms) = preSolution
		Debug|Any CPU = Debug|Any CPU
		Release|Any CPU = Release|Any CPU
	EndGlobalSection
	GlobalSection(ProjectConfigurationPlatforms) = postSolution
		{14FB69CD-BD94-4A78-BAF7-345DFA23D59C}.Debug|Any CPU.ActiveCfg = Debug|Any CPU
		{14FB69CD-BD94-4A78-BAF7-345DFA23D59C}.Debug|Any CPU.Build.0 = Debug|Any CPU
		{14FB69CD-BD94-4A78-BAF7-345DFA23D59C}.Release|Any CPU.ActiveCfg = Release|Any CPU
		{14FB69CD-BD94-4A78-BAF7-345DFA23D59C}.Release|Any CPU.Build.0 = Release|Any CPU
		{BB6507F7-440F-4976-A64C-7C70070824E3}.Debug|Any CPU.ActiveCfg = Debug|Any CPU
		{BB6507F7-440F-4976-A64C-7C70070824E3}.Debug|Any CPU.Build.0 = Debug|Any CPU
		{BB6507F7-440F-4976-A64C-7C70070824E3}.Debug|Any CPU.Deploy.0 = Debug|Any CPU
		{BB6507F7-440F-4976-A64C-7C70070824E3}.Release|Any CPU.ActiveCfg = Release|Any CPU
		{BB6507F7-440F-4976-A64C-7C70070824E3}.Release|Any CPU.Build.0 = Release|Any CPU
		{BB6507F7-440F-4976-A64C-7C70070824E3}.Release|Any CPU.Deploy.0 = Release|Any CPU
	EndGlobalSection
	GlobalSection(SolutionProperties) = preSolution
		HideSolutionNode = FALSE
	EndGlobalSection
	GlobalSection(ExtensibilityGlobals) = postSolution
		SolutionGuid = {711DD9E9-0683-44E1-9001-8E3674669A3A}
	EndGlobalSection
EndGlobal
