
Microsoft Visual Studio Solution File, Format Version 12.00
# Visual Studio Version 17
VisualStudioVersion = 17.5.002.0
MinimumVisualStudioVersion = 10.0.40219.1
Project("{9A19103F-16F7-4668-BE54-9A1E7A4F7556}") = "MovieInfoApp.Server", "MovieInfoApp.Server.csproj", "{4C65A954-D77F-4DB7-AAFD-7433FB5C70D0}"
EndProject
Global
	GlobalSection(SolutionConfigurationPlatforms) = preSolution
		Debug|Any CPU = Debug|Any CPU
		Release|Any CPU = Release|Any CPU
	EndGlobalSection
	GlobalSection(ProjectConfigurationPlatforms) = postSolution
		{4C65A954-D77F-4DB7-AAFD-7433FB5C70D0}.Debug|Any CPU.ActiveCfg = Debug|Any CPU
		{4C65A954-D77F-4DB7-AAFD-7433FB5C70D0}.Debug|Any CPU.Build.0 = Debug|Any CPU
		{4C65A954-D77F-4DB7-AAFD-7433FB5C70D0}.Release|Any CPU.ActiveCfg = Release|Any CPU
		{4C65A954-D77F-4DB7-AAFD-7433FB5C70D0}.Release|Any CPU.Build.0 = Release|Any CPU
	EndGlobalSection
	GlobalSection(SolutionProperties) = preSolution
		HideSolutionNode = FALSE
	EndGlobalSection
	GlobalSection(ExtensibilityGlobals) = postSolution
		SolutionGuid = {58CA5CB6-BFA6-40CF-BE32-97BE09879754}
	EndGlobalSection
EndGlobal
